
Microsoft Visual Studio Solution File, Format Version 12.00
# Visual Studio 15
VisualStudioVersion = 15.0.28307.1340
MinimumVisualStudioVersion = 10.0.40219.1
Project("{FAE04EC0-301F-11D3-BF4B-00C04F79EFBC}") = "Ch06Ex03", "Ch06Ex03\Ch06Ex03.csproj", "{381529EC-F717-4BDE-8D94-2CBE37306BFE}"
EndProject
Global
	GlobalSection(SolutionConfigurationPlatforms) = preSolution
		Debug|Any CPU = Debug|Any CPU
		Release|Any CPU = Release|Any CPU
	EndGlobalSection
	GlobalSection(ProjectConfigurationPlatforms) = postSolution
		{381529EC-F717-4BDE-8D94-2CBE37306BFE}.Debug|Any CPU.ActiveCfg = Debug|Any CPU
		{381529EC-F717-4BDE-8D94-2CBE37306BFE}.Debug|Any CPU.Build.0 = Debug|Any CPU
		{381529EC-F717-4BDE-8D94-2CBE37306BFE}.Release|Any CPU.ActiveCfg = Release|Any CPU
		{381529EC-F717-4BDE-8D94-2CBE37306BFE}.Release|Any CPU.Build.0 = Release|Any CPU
	EndGlobalSection
	GlobalSection(SolutionProperties) = preSolution
		HideSolutionNode = FALSE
	EndGlobalSection
	GlobalSection(ExtensibilityGlobals) = postSolution
		SolutionGuid = {4EEF1A33-72E2-419A-AA62-CFFDB51D01B5}
	EndGlobalSection
EndGlobal
