
Microsoft Visual Studio Solution File, Format Version 12.00
# Visual Studio 15
VisualStudioVersion = 15.0.28307.1340
MinimumVisualStudioVersion = 10.0.40219.1
Project("{FAE04EC0-301F-11D3-BF4B-00C04F79EFBC}") = "Traffic", "Traffic\Traffic.csproj", "{39A7ED3A-0E6D-44D7-B107-8FE8A6ED0667}"
EndProject
Global
	GlobalSection(SolutionConfigurationPlatforms) = preSolution
		Debug|Any CPU = Debug|Any CPU
		Release|Any CPU = Release|Any CPU
	EndGlobalSection
	GlobalSection(ProjectConfigurationPlatforms) = postSolution
		{39A7ED3A-0E6D-44D7-B107-8FE8A6ED0667}.Debug|Any CPU.ActiveCfg = Debug|Any CPU
		{39A7ED3A-0E6D-44D7-B107-8FE8A6ED0667}.Debug|Any CPU.Build.0 = Debug|Any CPU
		{39A7ED3A-0E6D-44D7-B107-8FE8A6ED0667}.Release|Any CPU.ActiveCfg = Release|Any CPU
		{39A7ED3A-0E6D-44D7-B107-8FE8A6ED0667}.Release|Any CPU.Build.0 = Release|Any CPU
	EndGlobalSection
	GlobalSection(SolutionProperties) = preSolution
		HideSolutionNode = FALSE
	EndGlobalSection
	GlobalSection(ExtensibilityGlobals) = postSolution
		SolutionGuid = {2B8C613C-43F8-4CD8-AD97-2DB534AE8BAD}
	EndGlobalSection
EndGlobal
