
Microsoft Visual Studio Solution File, Format Version 12.00
# Visual Studio 15
VisualStudioVersion = 15.0.28307.1340
MinimumVisualStudioVersion = 10.0.40219.1
Project("{FAE04EC0-301F-11D3-BF4B-00C04F79EFBC}") = "Ch05Ex04", "Ch05Ex04\Ch05Ex04.csproj", "{E67FAA32-2B8D-40B6-B242-DD02C5F0E9F7}"
EndProject
Global
	GlobalSection(SolutionConfigurationPlatforms) = preSolution
		Debug|Any CPU = Debug|Any CPU
		Release|Any CPU = Release|Any CPU
	EndGlobalSection
	GlobalSection(ProjectConfigurationPlatforms) = postSolution
		{E67FAA32-2B8D-40B6-B242-DD02C5F0E9F7}.Debug|Any CPU.ActiveCfg = Debug|Any CPU
		{E67FAA32-2B8D-40B6-B242-DD02C5F0E9F7}.Debug|Any CPU.Build.0 = Debug|Any CPU
		{E67FAA32-2B8D-40B6-B242-DD02C5F0E9F7}.Release|Any CPU.ActiveCfg = Release|Any CPU
		{E67FAA32-2B8D-40B6-B242-DD02C5F0E9F7}.Release|Any CPU.Build.0 = Release|Any CPU
	EndGlobalSection
	GlobalSection(SolutionProperties) = preSolution
		HideSolutionNode = FALSE
	EndGlobalSection
	GlobalSection(ExtensibilityGlobals) = postSolution
		SolutionGuid = {7D89FF0C-2257-4106-9C9D-C5559369FE36}
	EndGlobalSection
EndGlobal
