
Microsoft Visual Studio Solution File, Format Version 12.00
# Visual Studio 15
VisualStudioVersion = 15.0.28307.1340
MinimumVisualStudioVersion = 10.0.40219.1
Project("{FAE04EC0-301F-11D3-BF4B-00C04F79EFBC}") = "ExtraEx01", "ExtraEx01\ExtraEx01.csproj", "{EC0FE0BB-DFDC-4D12-97F2-BF26D12982A1}"
EndProject
Global
	GlobalSection(SolutionConfigurationPlatforms) = preSolution
		Debug|Any CPU = Debug|Any CPU
		Release|Any CPU = Release|Any CPU
	EndGlobalSection
	GlobalSection(ProjectConfigurationPlatforms) = postSolution
		{EC0FE0BB-DFDC-4D12-97F2-BF26D12982A1}.Debug|Any CPU.ActiveCfg = Debug|Any CPU
		{EC0FE0BB-DFDC-4D12-97F2-BF26D12982A1}.Debug|Any CPU.Build.0 = Debug|Any CPU
		{EC0FE0BB-DFDC-4D12-97F2-BF26D12982A1}.Release|Any CPU.ActiveCfg = Release|Any CPU
		{EC0FE0BB-DFDC-4D12-97F2-BF26D12982A1}.Release|Any CPU.Build.0 = Release|Any CPU
	EndGlobalSection
	GlobalSection(SolutionProperties) = preSolution
		HideSolutionNode = FALSE
	EndGlobalSection
	GlobalSection(ExtensibilityGlobals) = postSolution
		SolutionGuid = {9FBCB2AF-7B75-4798-8345-5EB256AED428}
	EndGlobalSection
EndGlobal
