
Microsoft Visual Studio Solution File, Format Version 12.00
# Visual Studio 15
VisualStudioVersion = 15.0.28307.1340
MinimumVisualStudioVersion = 10.0.40219.1
Project("{FAE04EC0-301F-11D3-BF4B-00C04F79EFBC}") = "WrapPanel", "WrapPanel\WrapPanel.csproj", "{8045CD4C-8756-4E1F-AC3A-85AAA1966541}"
EndProject
Global
	GlobalSection(SolutionConfigurationPlatforms) = preSolution
		Debug|Any CPU = Debug|Any CPU
		Release|Any CPU = Release|Any CPU
	EndGlobalSection
	GlobalSection(ProjectConfigurationPlatforms) = postSolution
		{8045CD4C-8756-4E1F-AC3A-85AAA1966541}.Debug|Any CPU.ActiveCfg = Debug|Any CPU
		{8045CD4C-8756-4E1F-AC3A-85AAA1966541}.Debug|Any CPU.Build.0 = Debug|Any CPU
		{8045CD4C-8756-4E1F-AC3A-85AAA1966541}.Release|Any CPU.ActiveCfg = Release|Any CPU
		{8045CD4C-8756-4E1F-AC3A-85AAA1966541}.Release|Any CPU.Build.0 = Release|Any CPU
	EndGlobalSection
	GlobalSection(SolutionProperties) = preSolution
		HideSolutionNode = FALSE
	EndGlobalSection
	GlobalSection(ExtensibilityGlobals) = postSolution
		SolutionGuid = {5B16461D-BD55-4234-B7CB-AE4A84719571}
	EndGlobalSection
EndGlobal
