
Microsoft Visual Studio Solution File, Format Version 12.00
# Visual Studio 15
VisualStudioVersion = 15.0.28307.1340
MinimumVisualStudioVersion = 10.0.40219.1
Project("{FAE04EC0-301F-11D3-BF4B-00C04F79EFBC}") = "Vehicles", "Vehicles\Vehicles.csproj", "{6546C630-1EA9-415F-8C3F-DEBE1F80954A}"
EndProject
Global
	GlobalSection(SolutionConfigurationPlatforms) = preSolution
		Debug|Any CPU = Debug|Any CPU
		Release|Any CPU = Release|Any CPU
	EndGlobalSection
	GlobalSection(ProjectConfigurationPlatforms) = postSolution
		{6546C630-1EA9-415F-8C3F-DEBE1F80954A}.Debug|Any CPU.ActiveCfg = Debug|Any CPU
		{6546C630-1EA9-415F-8C3F-DEBE1F80954A}.Debug|Any CPU.Build.0 = Debug|Any CPU
		{6546C630-1EA9-415F-8C3F-DEBE1F80954A}.Release|Any CPU.ActiveCfg = Release|Any CPU
		{6546C630-1EA9-415F-8C3F-DEBE1F80954A}.Release|Any CPU.Build.0 = Release|Any CPU
	EndGlobalSection
	GlobalSection(SolutionProperties) = preSolution
		HideSolutionNode = FALSE
	EndGlobalSection
	GlobalSection(ExtensibilityGlobals) = postSolution
		SolutionGuid = {23EA1CF0-4B6A-4E21-90FE-5A354EDF249B}
	EndGlobalSection
EndGlobal
