
Microsoft Visual Studio Solution File, Format Version 12.00
# Visual Studio 15
VisualStudioVersion = 15.0.28307.1340
MinimumVisualStudioVersion = 10.0.40219.1
Project("{FAE04EC0-301F-11D3-BF4B-00C04F79EFBC}") = "StackPanel", "StackPanel\StackPanel.csproj", "{6ABA8D25-D92A-4EDF-A059-2841371B8520}"
EndProject
Global
	GlobalSection(SolutionConfigurationPlatforms) = preSolution
		Debug|Any CPU = Debug|Any CPU
		Release|Any CPU = Release|Any CPU
	EndGlobalSection
	GlobalSection(ProjectConfigurationPlatforms) = postSolution
		{6ABA8D25-D92A-4EDF-A059-2841371B8520}.Debug|Any CPU.ActiveCfg = Debug|Any CPU
		{6ABA8D25-D92A-4EDF-A059-2841371B8520}.Debug|Any CPU.Build.0 = Debug|Any CPU
		{6ABA8D25-D92A-4EDF-A059-2841371B8520}.Release|Any CPU.ActiveCfg = Release|Any CPU
		{6ABA8D25-D92A-4EDF-A059-2841371B8520}.Release|Any CPU.Build.0 = Release|Any CPU
	EndGlobalSection
	GlobalSection(SolutionProperties) = preSolution
		HideSolutionNode = FALSE
	EndGlobalSection
	GlobalSection(ExtensibilityGlobals) = postSolution
		SolutionGuid = {EB9A49B5-3F41-4475-A095-DBE23A304D5C}
	EndGlobalSection
EndGlobal
