
Microsoft Visual Studio Solution File, Format Version 12.00
# Visual Studio 15
VisualStudioVersion = 15.0.28307.1340
MinimumVisualStudioVersion = 10.0.40219.1
Project("{FAE04EC0-301F-11D3-BF4B-00C04F79EFBC}") = "Ch04Ex04", "Ch04Ex04\Ch04Ex04.csproj", "{C9D5D8A2-AE1F-4D8B-9033-E82E88217974}"
EndProject
Global
	GlobalSection(SolutionConfigurationPlatforms) = preSolution
		Debug|Any CPU = Debug|Any CPU
		Release|Any CPU = Release|Any CPU
	EndGlobalSection
	GlobalSection(ProjectConfigurationPlatforms) = postSolution
		{C9D5D8A2-AE1F-4D8B-9033-E82E88217974}.Debug|Any CPU.ActiveCfg = Debug|Any CPU
		{C9D5D8A2-AE1F-4D8B-9033-E82E88217974}.Debug|Any CPU.Build.0 = Debug|Any CPU
		{C9D5D8A2-AE1F-4D8B-9033-E82E88217974}.Release|Any CPU.ActiveCfg = Release|Any CPU
		{C9D5D8A2-AE1F-4D8B-9033-E82E88217974}.Release|Any CPU.Build.0 = Release|Any CPU
	EndGlobalSection
	GlobalSection(SolutionProperties) = preSolution
		HideSolutionNode = FALSE
	EndGlobalSection
	GlobalSection(ExtensibilityGlobals) = postSolution
		SolutionGuid = {52046252-1495-4B69-A9AA-ED852C78A505}
	EndGlobalSection
EndGlobal
