
Microsoft Visual Studio Solution File, Format Version 12.00
# Visual Studio 15
VisualStudioVersion = 15.0.28307.1340
MinimumVisualStudioVersion = 10.0.40219.1
Project("{FAE04EC0-301F-11D3-BF4B-00C04F79EFBC}") = "Ch05Ex02", "Ch05Ex02\Ch05Ex02.csproj", "{D1C958E1-00FC-4B91-8D6B-4C9A8FE793A9}"
EndProject
Global
	GlobalSection(SolutionConfigurationPlatforms) = preSolution
		Debug|Any CPU = Debug|Any CPU
		Release|Any CPU = Release|Any CPU
	EndGlobalSection
	GlobalSection(ProjectConfigurationPlatforms) = postSolution
		{D1C958E1-00FC-4B91-8D6B-4C9A8FE793A9}.Debug|Any CPU.ActiveCfg = Debug|Any CPU
		{D1C958E1-00FC-4B91-8D6B-4C9A8FE793A9}.Debug|Any CPU.Build.0 = Debug|Any CPU
		{D1C958E1-00FC-4B91-8D6B-4C9A8FE793A9}.Release|Any CPU.ActiveCfg = Release|Any CPU
		{D1C958E1-00FC-4B91-8D6B-4C9A8FE793A9}.Release|Any CPU.Build.0 = Release|Any CPU
	EndGlobalSection
	GlobalSection(SolutionProperties) = preSolution
		HideSolutionNode = FALSE
	EndGlobalSection
	GlobalSection(ExtensibilityGlobals) = postSolution
		SolutionGuid = {031D31DA-CE85-4075-A1C7-3177716CE2D9}
	EndGlobalSection
EndGlobal
