
Microsoft Visual Studio Solution File, Format Version 12.00
# Visual Studio 15
VisualStudioVersion = 15.0.28307.1340
MinimumVisualStudioVersion = 10.0.40219.1
Project("{FAE04EC0-301F-11D3-BF4B-00C04F79EFBC}") = "DockPanel", "DockPanel\DockPanel.csproj", "{058C75A5-9CFC-4F1B-B2F3-1F3044851436}"
EndProject
Global
	GlobalSection(SolutionConfigurationPlatforms) = preSolution
		Debug|Any CPU = Debug|Any CPU
		Release|Any CPU = Release|Any CPU
	EndGlobalSection
	GlobalSection(ProjectConfigurationPlatforms) = postSolution
		{058C75A5-9CFC-4F1B-B2F3-1F3044851436}.Debug|Any CPU.ActiveCfg = Debug|Any CPU
		{058C75A5-9CFC-4F1B-B2F3-1F3044851436}.Debug|Any CPU.Build.0 = Debug|Any CPU
		{058C75A5-9CFC-4F1B-B2F3-1F3044851436}.Release|Any CPU.ActiveCfg = Release|Any CPU
		{058C75A5-9CFC-4F1B-B2F3-1F3044851436}.Release|Any CPU.Build.0 = Release|Any CPU
	EndGlobalSection
	GlobalSection(SolutionProperties) = preSolution
		HideSolutionNode = FALSE
	EndGlobalSection
	GlobalSection(ExtensibilityGlobals) = postSolution
		SolutionGuid = {4E31286F-7385-4FA7-9034-F35C8A3F1935}
	EndGlobalSection
EndGlobal
