
Microsoft Visual Studio Solution File, Format Version 12.00
# Visual Studio 15
VisualStudioVersion = 15.0.28307.1340
MinimumVisualStudioVersion = 10.0.40219.1
Project("{FAE04EC0-301F-11D3-BF4B-00C04F79EFBC}") = "Karlicards.GUI", "Karlicards.GUI\Karlicards.GUI.csproj", "{F43DD010-A56E-4789-A7A8-D817FA0272BD}"
EndProject
Global
	GlobalSection(SolutionConfigurationPlatforms) = preSolution
		Debug|Any CPU = Debug|Any CPU
		Release|Any CPU = Release|Any CPU
	EndGlobalSection
	GlobalSection(ProjectConfigurationPlatforms) = postSolution
		{F43DD010-A56E-4789-A7A8-D817FA0272BD}.Debug|Any CPU.ActiveCfg = Debug|Any CPU
		{F43DD010-A56E-4789-A7A8-D817FA0272BD}.Debug|Any CPU.Build.0 = Debug|Any CPU
		{F43DD010-A56E-4789-A7A8-D817FA0272BD}.Release|Any CPU.ActiveCfg = Release|Any CPU
		{F43DD010-A56E-4789-A7A8-D817FA0272BD}.Release|Any CPU.Build.0 = Release|Any CPU
	EndGlobalSection
	GlobalSection(SolutionProperties) = preSolution
		HideSolutionNode = FALSE
	EndGlobalSection
	GlobalSection(ExtensibilityGlobals) = postSolution
		SolutionGuid = {76FD88BA-91C9-44F3-BCD3-80E81FF581CB}
	EndGlobalSection
EndGlobal
