
Microsoft Visual Studio Solution File, Format Version 12.00
# Visual Studio 15
VisualStudioVersion = 15.0.28307.1340
MinimumVisualStudioVersion = 10.0.40219.1
Project("{FAE04EC0-301F-11D3-BF4B-00C04F79EFBC}") = "Ch04Ex05", "Ch04Ex05\Ch04Ex05.csproj", "{64ACF939-6CD4-41C1-9580-DDAF31F1BB6F}"
EndProject
Global
	GlobalSection(SolutionConfigurationPlatforms) = preSolution
		Debug|Any CPU = Debug|Any CPU
		Release|Any CPU = Release|Any CPU
	EndGlobalSection
	GlobalSection(ProjectConfigurationPlatforms) = postSolution
		{64ACF939-6CD4-41C1-9580-DDAF31F1BB6F}.Debug|Any CPU.ActiveCfg = Debug|Any CPU
		{64ACF939-6CD4-41C1-9580-DDAF31F1BB6F}.Debug|Any CPU.Build.0 = Debug|Any CPU
		{64ACF939-6CD4-41C1-9580-DDAF31F1BB6F}.Release|Any CPU.ActiveCfg = Release|Any CPU
		{64ACF939-6CD4-41C1-9580-DDAF31F1BB6F}.Release|Any CPU.Build.0 = Release|Any CPU
	EndGlobalSection
	GlobalSection(SolutionProperties) = preSolution
		HideSolutionNode = FALSE
	EndGlobalSection
	GlobalSection(ExtensibilityGlobals) = postSolution
		SolutionGuid = {05A62123-6CD3-4EC1-BE95-42C9ADBD3692}
	EndGlobalSection
EndGlobal
