
Microsoft Visual Studio Solution File, Format Version 12.00
# Visual Studio 15
VisualStudioVersion = 15.0.28307.1340
MinimumVisualStudioVersion = 10.0.40219.1
Project("{FAE04EC0-301F-11D3-BF4B-00C04F79EFBC}") = "Ch06Ex05", "Ch06Ex05\Ch06Ex05.csproj", "{1C2774F3-4055-42C2-B5A1-6E96C003F213}"
EndProject
Global
	GlobalSection(SolutionConfigurationPlatforms) = preSolution
		Debug|Any CPU = Debug|Any CPU
		Release|Any CPU = Release|Any CPU
	EndGlobalSection
	GlobalSection(ProjectConfigurationPlatforms) = postSolution
		{1C2774F3-4055-42C2-B5A1-6E96C003F213}.Debug|Any CPU.ActiveCfg = Debug|Any CPU
		{1C2774F3-4055-42C2-B5A1-6E96C003F213}.Debug|Any CPU.Build.0 = Debug|Any CPU
		{1C2774F3-4055-42C2-B5A1-6E96C003F213}.Release|Any CPU.ActiveCfg = Release|Any CPU
		{1C2774F3-4055-42C2-B5A1-6E96C003F213}.Release|Any CPU.Build.0 = Release|Any CPU
	EndGlobalSection
	GlobalSection(SolutionProperties) = preSolution
		HideSolutionNode = FALSE
	EndGlobalSection
	GlobalSection(ExtensibilityGlobals) = postSolution
		SolutionGuid = {DACF841C-093D-4DB3-9A77-F7BAE80DFB8E}
	EndGlobalSection
EndGlobal
