
Microsoft Visual Studio Solution File, Format Version 12.00
# Visual Studio 15
VisualStudioVersion = 15.0.28307.1340
MinimumVisualStudioVersion = 10.0.40219.1
Project("{FAE04EC0-301F-11D3-BF4B-00C04F79EFBC}") = "TEST", "TEST\TEST.csproj", "{F2001859-9B1A-4134-B153-19E369F994F1}"
EndProject
Global
	GlobalSection(SolutionConfigurationPlatforms) = preSolution
		Debug|Any CPU = Debug|Any CPU
		Release|Any CPU = Release|Any CPU
	EndGlobalSection
	GlobalSection(ProjectConfigurationPlatforms) = postSolution
		{F2001859-9B1A-4134-B153-19E369F994F1}.Debug|Any CPU.ActiveCfg = Debug|Any CPU
		{F2001859-9B1A-4134-B153-19E369F994F1}.Debug|Any CPU.Build.0 = Debug|Any CPU
		{F2001859-9B1A-4134-B153-19E369F994F1}.Release|Any CPU.ActiveCfg = Release|Any CPU
		{F2001859-9B1A-4134-B153-19E369F994F1}.Release|Any CPU.Build.0 = Release|Any CPU
	EndGlobalSection
	GlobalSection(SolutionProperties) = preSolution
		HideSolutionNode = FALSE
	EndGlobalSection
	GlobalSection(ExtensibilityGlobals) = postSolution
		SolutionGuid = {FC45498A-C4D9-439D-84DD-A82EC506F789}
	EndGlobalSection
EndGlobal
