
Microsoft Visual Studio Solution File, Format Version 12.00
# Visual Studio 15
VisualStudioVersion = 15.0.28307.1340
MinimumVisualStudioVersion = 10.0.40219.1
Project("{FAE04EC0-301F-11D3-BF4B-00C04F79EFBC}") = "Ch06Ex07", "Ch06Ex07\Ch06Ex07.csproj", "{E3F57F9B-2CBD-48E4-8894-30DE3E55BB08}"
EndProject
Global
	GlobalSection(SolutionConfigurationPlatforms) = preSolution
		Debug|Any CPU = Debug|Any CPU
		Release|Any CPU = Release|Any CPU
	EndGlobalSection
	GlobalSection(ProjectConfigurationPlatforms) = postSolution
		{E3F57F9B-2CBD-48E4-8894-30DE3E55BB08}.Debug|Any CPU.ActiveCfg = Debug|Any CPU
		{E3F57F9B-2CBD-48E4-8894-30DE3E55BB08}.Debug|Any CPU.Build.0 = Debug|Any CPU
		{E3F57F9B-2CBD-48E4-8894-30DE3E55BB08}.Release|Any CPU.ActiveCfg = Release|Any CPU
		{E3F57F9B-2CBD-48E4-8894-30DE3E55BB08}.Release|Any CPU.Build.0 = Release|Any CPU
	EndGlobalSection
	GlobalSection(SolutionProperties) = preSolution
		HideSolutionNode = FALSE
	EndGlobalSection
	GlobalSection(ExtensibilityGlobals) = postSolution
		SolutionGuid = {9EAE7A24-E754-4A87-B81D-5442EBE52DAC}
	EndGlobalSection
EndGlobal
