
Microsoft Visual Studio Solution File, Format Version 12.00
# Visual Studio 15
VisualStudioVersion = 15.0.28307.1340
MinimumVisualStudioVersion = 10.0.40219.1
Project("{FAE04EC0-301F-11D3-BF4B-00C04F79EFBC}") = "ExtraEx03", "ExtraEx03\ExtraEx03.csproj", "{46ADC3C8-2384-4652-BC71-F695691D3C88}"
EndProject
Global
	GlobalSection(SolutionConfigurationPlatforms) = preSolution
		Debug|Any CPU = Debug|Any CPU
		Release|Any CPU = Release|Any CPU
	EndGlobalSection
	GlobalSection(ProjectConfigurationPlatforms) = postSolution
		{46ADC3C8-2384-4652-BC71-F695691D3C88}.Debug|Any CPU.ActiveCfg = Debug|Any CPU
		{46ADC3C8-2384-4652-BC71-F695691D3C88}.Debug|Any CPU.Build.0 = Debug|Any CPU
		{46ADC3C8-2384-4652-BC71-F695691D3C88}.Release|Any CPU.ActiveCfg = Release|Any CPU
		{46ADC3C8-2384-4652-BC71-F695691D3C88}.Release|Any CPU.Build.0 = Release|Any CPU
	EndGlobalSection
	GlobalSection(SolutionProperties) = preSolution
		HideSolutionNode = FALSE
	EndGlobalSection
	GlobalSection(ExtensibilityGlobals) = postSolution
		SolutionGuid = {F0A2F19F-EB03-4AB0-B303-140E318B5C77}
	EndGlobalSection
EndGlobal
