
Microsoft Visual Studio Solution File, Format Version 12.00
# Visual Studio 15
VisualStudioVersion = 15.0.28307.1340
MinimumVisualStudioVersion = 10.0.40219.1
Project("{FAE04EC0-301F-11D3-BF4B-00C04F79EFBC}") = "Extra02", "Extra02\Extra02.csproj", "{5B50EE8B-4809-4331-B02F-ED2943F4CC00}"
EndProject
Global
	GlobalSection(SolutionConfigurationPlatforms) = preSolution
		Debug|Any CPU = Debug|Any CPU
		Release|Any CPU = Release|Any CPU
	EndGlobalSection
	GlobalSection(ProjectConfigurationPlatforms) = postSolution
		{5B50EE8B-4809-4331-B02F-ED2943F4CC00}.Debug|Any CPU.ActiveCfg = Debug|Any CPU
		{5B50EE8B-4809-4331-B02F-ED2943F4CC00}.Debug|Any CPU.Build.0 = Debug|Any CPU
		{5B50EE8B-4809-4331-B02F-ED2943F4CC00}.Release|Any CPU.ActiveCfg = Release|Any CPU
		{5B50EE8B-4809-4331-B02F-ED2943F4CC00}.Release|Any CPU.Build.0 = Release|Any CPU
	EndGlobalSection
	GlobalSection(SolutionProperties) = preSolution
		HideSolutionNode = FALSE
	EndGlobalSection
	GlobalSection(ExtensibilityGlobals) = postSolution
		SolutionGuid = {B328EE5D-A5B7-4C47-8145-FC57CA863320}
	EndGlobalSection
EndGlobal
