
Microsoft Visual Studio Solution File, Format Version 12.00
# Visual Studio 15
VisualStudioVersion = 15.0.28307.1340
MinimumVisualStudioVersion = 10.0.40219.1
Project("{FAE04EC0-301F-11D3-BF4B-00C04F79EFBC}") = "Ch06Ex01", "Ch06Ex01\Ch06Ex01.csproj", "{32CDBD5A-81C6-4AAF-B354-D26ECBB5F051}"
EndProject
Global
	GlobalSection(SolutionConfigurationPlatforms) = preSolution
		Debug|Any CPU = Debug|Any CPU
		Release|Any CPU = Release|Any CPU
	EndGlobalSection
	GlobalSection(ProjectConfigurationPlatforms) = postSolution
		{32CDBD5A-81C6-4AAF-B354-D26ECBB5F051}.Debug|Any CPU.ActiveCfg = Debug|Any CPU
		{32CDBD5A-81C6-4AAF-B354-D26ECBB5F051}.Debug|Any CPU.Build.0 = Debug|Any CPU
		{32CDBD5A-81C6-4AAF-B354-D26ECBB5F051}.Release|Any CPU.ActiveCfg = Release|Any CPU
		{32CDBD5A-81C6-4AAF-B354-D26ECBB5F051}.Release|Any CPU.Build.0 = Release|Any CPU
	EndGlobalSection
	GlobalSection(SolutionProperties) = preSolution
		HideSolutionNode = FALSE
	EndGlobalSection
	GlobalSection(ExtensibilityGlobals) = postSolution
		SolutionGuid = {D8AD1014-4787-4F8D-8CEE-FBED6C8792C9}
	EndGlobalSection
EndGlobal
