
Microsoft Visual Studio Solution File, Format Version 12.00
# Visual Studio 15
VisualStudioVersion = 15.0.28307.1340
MinimumVisualStudioVersion = 10.0.40219.1
Project("{FAE04EC0-301F-11D3-BF4B-00C04F79EFBC}") = "Ch10Ex02", "Ch10Ex02\Ch10Ex02.csproj", "{4D7EB21D-61F7-4F81-B989-4080E3E4F474}"
EndProject
Global
	GlobalSection(SolutionConfigurationPlatforms) = preSolution
		Debug|Any CPU = Debug|Any CPU
		Release|Any CPU = Release|Any CPU
	EndGlobalSection
	GlobalSection(ProjectConfigurationPlatforms) = postSolution
		{4D7EB21D-61F7-4F81-B989-4080E3E4F474}.Debug|Any CPU.ActiveCfg = Debug|Any CPU
		{4D7EB21D-61F7-4F81-B989-4080E3E4F474}.Debug|Any CPU.Build.0 = Debug|Any CPU
		{4D7EB21D-61F7-4F81-B989-4080E3E4F474}.Release|Any CPU.ActiveCfg = Release|Any CPU
		{4D7EB21D-61F7-4F81-B989-4080E3E4F474}.Release|Any CPU.Build.0 = Release|Any CPU
	EndGlobalSection
	GlobalSection(SolutionProperties) = preSolution
		HideSolutionNode = FALSE
	EndGlobalSection
	GlobalSection(ExtensibilityGlobals) = postSolution
		SolutionGuid = {33E74AB5-E300-4F65-92E8-4EC6DB32F7D5}
	EndGlobalSection
EndGlobal
