
Microsoft Visual Studio Solution File, Format Version 12.00
# Visual Studio 15
VisualStudioVersion = 15.0.28307.1340
MinimumVisualStudioVersion = 10.0.40219.1
Project("{FAE04EC0-301F-11D3-BF4B-00C04F79EFBC}") = "Ch06Ex04", "Ch06Ex04\Ch06Ex04.csproj", "{0D553E6B-9247-45BB-B436-2275001BB4E1}"
EndProject
Global
	GlobalSection(SolutionConfigurationPlatforms) = preSolution
		Debug|Any CPU = Debug|Any CPU
		Release|Any CPU = Release|Any CPU
	EndGlobalSection
	GlobalSection(ProjectConfigurationPlatforms) = postSolution
		{0D553E6B-9247-45BB-B436-2275001BB4E1}.Debug|Any CPU.ActiveCfg = Debug|Any CPU
		{0D553E6B-9247-45BB-B436-2275001BB4E1}.Debug|Any CPU.Build.0 = Debug|Any CPU
		{0D553E6B-9247-45BB-B436-2275001BB4E1}.Release|Any CPU.ActiveCfg = Release|Any CPU
		{0D553E6B-9247-45BB-B436-2275001BB4E1}.Release|Any CPU.Build.0 = Release|Any CPU
	EndGlobalSection
	GlobalSection(SolutionProperties) = preSolution
		HideSolutionNode = FALSE
	EndGlobalSection
	GlobalSection(ExtensibilityGlobals) = postSolution
		SolutionGuid = {E1565F84-7ED6-4412-BF7A-7396BA1C1AED}
	EndGlobalSection
EndGlobal
