
Microsoft Visual Studio Solution File, Format Version 12.00
# Visual Studio 15
VisualStudioVersion = 15.0.28307.1340
MinimumVisualStudioVersion = 10.0.40219.1
Project("{FAE04EC0-301F-11D3-BF4B-00C04F79EFBC}") = "Ch06Ex08", "Ch06Ex08\Ch06Ex08.csproj", "{3C049A7A-3C88-4073-A7DB-5FEA077D8FF8}"
EndProject
Global
	GlobalSection(SolutionConfigurationPlatforms) = preSolution
		Debug|Any CPU = Debug|Any CPU
		Release|Any CPU = Release|Any CPU
	EndGlobalSection
	GlobalSection(ProjectConfigurationPlatforms) = postSolution
		{3C049A7A-3C88-4073-A7DB-5FEA077D8FF8}.Debug|Any CPU.ActiveCfg = Debug|Any CPU
		{3C049A7A-3C88-4073-A7DB-5FEA077D8FF8}.Debug|Any CPU.Build.0 = Debug|Any CPU
		{3C049A7A-3C88-4073-A7DB-5FEA077D8FF8}.Release|Any CPU.ActiveCfg = Release|Any CPU
		{3C049A7A-3C88-4073-A7DB-5FEA077D8FF8}.Release|Any CPU.Build.0 = Release|Any CPU
	EndGlobalSection
	GlobalSection(SolutionProperties) = preSolution
		HideSolutionNode = FALSE
	EndGlobalSection
	GlobalSection(ExtensibilityGlobals) = postSolution
		SolutionGuid = {8F2AF78F-126D-46DA-93EE-D35C6BDCD14A}
	EndGlobalSection
EndGlobal
